// !$*UTF8*$!
{
	archiveVersion = 1;
	classes = {
	};
	objectVersion = 45;
	objects = {

/* Begin PBXBuildFile section */
		EB0C650913129A6600F18BB6 /* CoreFoundation.framework in Frameworks */ = {isa = PBXBuildFile; fileRef = EB0C650813129A6600F18BB6 /* CoreFoundation.framework */; };
		EB0C65221312A21400F18BB6 /* sqlite3.c in Sources */ = {isa = PBXBuildFile; fileRef = EB0C651F1312A20300F18BB6 /* sqlite3.c */; };
		EB173D8F1315627C00C173A9 /* Migrations in Resources */ = {isa = PBXBuildFile; fileRef = EB173D8E1315627C00C173A9 /* Migrations */; };
		EB3B045C1312BE64009FDDA1 /* InfoPlist.strings in Resources */ = {isa = PBXBuildFile; fileRef = EB3B045A1312BE64009FDDA1 /* InfoPlist.strings */; };
		EB3B04611312BE88009FDDA1 /* sqlite3.c in Sources */ = {isa = PBXBuildFile; fileRef = EB0C651F1312A20300F18BB6 /* sqlite3.c */; };
		EB3B04621312BE8C009FDDA1 /* SQLite3Connection.c in Sources */ = {isa = PBXBuildFile; fileRef = EBA5182113003B1000F50C8E /* SQLite3Connection.c */; };
		EB3B04631312BE8E009FDDA1 /* SQLite3ConnectionPool.c in Sources */ = {isa = PBXBuildFile; fileRef = EBA5182313003B1000F50C8E /* SQLite3ConnectionPool.c */; };
		EB3B04641312BE91009FDDA1 /* SQLite3Statement.c in Sources */ = {isa = PBXBuildFile; fileRef = EBA5182513003B1000F50C8E /* SQLite3Statement.c */; };
		EB3B04651312BE94009FDDA1 /* SQLite3Migration.c in Sources */ = {isa = PBXBuildFile; fileRef = EBA8173D1301B50600F59716 /* SQLite3Migration.c */; };
		EB3B04671312BEB5009FDDA1 /* CoreFoundation.framework in Frameworks */ = {isa = PBXBuildFile; fileRef = EB3B04661312BEB5009FDDA1 /* CoreFoundation.framework */; };
		EB3B04821312C616009FDDA1 /* CoreSQLite3UTF8String.c in Sources */ = {isa = PBXBuildFile; fileRef = EB3B04801312C615009FDDA1 /* CoreSQLite3UTF8String.c */; };
		EB3B04831312C616009FDDA1 /* CoreSQLite3UTF8String.c in Sources */ = {isa = PBXBuildFile; fileRef = EB3B04801312C615009FDDA1 /* CoreSQLite3UTF8String.c */; };
		EB3B04841312C616009FDDA1 /* CoreSQLite3UTF8String.c in Sources */ = {isa = PBXBuildFile; fileRef = EB3B04801312C615009FDDA1 /* CoreSQLite3UTF8String.c */; };
		EB3B04851312C616009FDDA1 /* CoreSQLite3UTF8String.h in Headers */ = {isa = PBXBuildFile; fileRef = EB3B04811312C616009FDDA1 /* CoreSQLite3UTF8String.h */; };
		EB3B04861312C616009FDDA1 /* CoreSQLite3UTF8String.h in Headers */ = {isa = PBXBuildFile; fileRef = EB3B04811312C616009FDDA1 /* CoreSQLite3UTF8String.h */; };
		EB3B04881312CD3A009FDDA1 /* Cocoa.framework in Frameworks */ = {isa = PBXBuildFile; fileRef = EB3B04871312CD3A009FDDA1 /* Cocoa.framework */; };
		EB3B04891312CD43009FDDA1 /* CoreFoundation.framework in Frameworks */ = {isa = PBXBuildFile; fileRef = EB3B04661312BEB5009FDDA1 /* CoreFoundation.framework */; };
		EB3B048C1312CD88009FDDA1 /* sqlite3.c in Sources */ = {isa = PBXBuildFile; fileRef = EB0C651F1312A20300F18BB6 /* sqlite3.c */; };
		EBA817551303FAD900F59716 /* InfoPlist.strings in Resources */ = {isa = PBXBuildFile; fileRef = EBA817531303FAD900F59716 /* InfoPlist.strings */; };
		EBA817581303FAD900F59716 /* Tests.h in Resources */ = {isa = PBXBuildFile; fileRef = EBA817571303FAD900F59716 /* Tests.h */; };
		EBA8175A1303FAD900F59716 /* Tests.m in Sources */ = {isa = PBXBuildFile; fileRef = EBA817591303FAD900F59716 /* Tests.m */; };
		EBA817661303FD8700F59716 /* SQLite3Connection.c in Sources */ = {isa = PBXBuildFile; fileRef = EBA5182113003B1000F50C8E /* SQLite3Connection.c */; };
		EBA817681303FD8700F59716 /* SQLite3ConnectionPool.c in Sources */ = {isa = PBXBuildFile; fileRef = EBA5182313003B1000F50C8E /* SQLite3ConnectionPool.c */; };
		EBA8176A1303FD8700F59716 /* SQLite3Statement.c in Sources */ = {isa = PBXBuildFile; fileRef = EBA5182513003B1000F50C8E /* SQLite3Statement.c */; };
		EBA8176C1303FD8700F59716 /* SQLite3Migration.c in Sources */ = {isa = PBXBuildFile; fileRef = EBA8173D1301B50600F59716 /* SQLite3Migration.c */; };
		EBB1ADC31312A69B006476A7 /* SQLite3Connection.c in Sources */ = {isa = PBXBuildFile; fileRef = EBA5182113003B1000F50C8E /* SQLite3Connection.c */; };
		EBB1ADC41312A69D006476A7 /* SQLite3ConnectionPool.c in Sources */ = {isa = PBXBuildFile; fileRef = EBA5182313003B1000F50C8E /* SQLite3ConnectionPool.c */; };
		EBB1ADC51312A6A0006476A7 /* SQLite3Statement.c in Sources */ = {isa = PBXBuildFile; fileRef = EBA5182513003B1000F50C8E /* SQLite3Statement.c */; };
		EBB1ADC61312A6A3006476A7 /* SQLite3Migration.c in Sources */ = {isa = PBXBuildFile; fileRef = EBA8173D1301B50600F59716 /* SQLite3Migration.c */; };
		EBB1ADC71312A6B5006476A7 /* CoreSQLite3.h in Headers */ = {isa = PBXBuildFile; fileRef = EB3E466B13003EFF007AF9C4 /* CoreSQLite3.h */; settings = {ATTRIBUTES = (Public, ); }; };
		EBB1ADC81312A6BF006476A7 /* SQLite3Types.h in Headers */ = {isa = PBXBuildFile; fileRef = EBA817401301B93000F59716 /* SQLite3Types.h */; settings = {ATTRIBUTES = (Private, ); }; };
		EBB1ADC91312A6C2006476A7 /* SQLite3Connection.h in Headers */ = {isa = PBXBuildFile; fileRef = EBA5182013003B1000F50C8E /* SQLite3Connection.h */; settings = {ATTRIBUTES = (Private, ); }; };
		EBB1ADCA1312A6C5006476A7 /* SQLite3ConnectionPool.h in Headers */ = {isa = PBXBuildFile; fileRef = EBA5182213003B1000F50C8E /* SQLite3ConnectionPool.h */; settings = {ATTRIBUTES = (Private, ); }; };
		EBB1ADCB1312A6C8006476A7 /* SQLite3Statement.h in Headers */ = {isa = PBXBuildFile; fileRef = EBA5182413003B1000F50C8E /* SQLite3Statement.h */; settings = {ATTRIBUTES = (Private, ); }; };
		EBB1ADCC1312A6CE006476A7 /* SQLite3Migration.h in Headers */ = {isa = PBXBuildFile; fileRef = EBA8173E1301B50700F59716 /* SQLite3Migration.h */; settings = {ATTRIBUTES = (Private, ); }; };
		EBC09BEF1312E54C00E0361A /* TestAllocator.c in Sources */ = {isa = PBXBuildFile; fileRef = EBC09BED1312E54C00E0361A /* TestAllocator.c */; };
/* End PBXBuildFile section */

/* Begin PBXContainerItemProxy section */
		EB3B048A1312CD5A009FDDA1 /* PBXContainerItemProxy */ = {
			isa = PBXContainerItemProxy;
			containerPortal = 0867D690FE84028FC02AAC07 /* Project object */;
			proxyType = 1;
			remoteGlobalIDString = EB3B044F1312BE64009FDDA1;
			remoteInfo = CoreSQLite3;
		};
/* End PBXContainerItemProxy section */

/* Begin PBXFileReference section */
		089C1667FE841158C02AAC07 /* English */ = {isa = PBXFileReference; fileEncoding = 4; lastKnownFileType = text.plist.strings; name = English; path = English.lproj/InfoPlist.strings; sourceTree = "<group>"; };
		32DBCF5E0370ADEE00C91783 /* SQLite3_Prefix.pch */ = {isa = PBXFileReference; fileEncoding = 4; lastKnownFileType = sourcecode.c.h; path = SQLite3_Prefix.pch; sourceTree = "<group>"; };
		8DC2EF5A0486A6940098B216 /* Info.plist */ = {isa = PBXFileReference; fileEncoding = 4; lastKnownFileType = text.plist.xml; path = Info.plist; sourceTree = "<group>"; };
		EB0C64F413129A2300F18BB6 /* libCoreSQLite3_iOS.a */ = {isa = PBXFileReference; explicitFileType = archive.ar; includeInIndex = 0; path = libCoreSQLite3_iOS.a; sourceTree = BUILT_PRODUCTS_DIR; };
		EB0C64F813129A2300F18BB6 /* CoreSQLite3-Prefix.pch */ = {isa = PBXFileReference; lastKnownFileType = sourcecode.c.h; path = "CoreSQLite3-Prefix.pch"; sourceTree = "<group>"; };
		EB0C650813129A6600F18BB6 /* CoreFoundation.framework */ = {isa = PBXFileReference; lastKnownFileType = wrapper.framework; name = CoreFoundation.framework; path = Platforms/iPhoneOS.platform/Developer/SDKs/iPhoneOS4.2.sdk/System/Library/Frameworks/CoreFoundation.framework; sourceTree = DEVELOPER_DIR; };
		EB0C651E1312A20300F18BB6 /* shell.c */ = {isa = PBXFileReference; lastKnownFileType = sourcecode.c.c; path = shell.c; sourceTree = "<group>"; };
		EB0C651F1312A20300F18BB6 /* sqlite3.c */ = {isa = PBXFileReference; lastKnownFileType = sourcecode.c.c; path = sqlite3.c; sourceTree = "<group>"; };
		EB0C65201312A20300F18BB6 /* sqlite3.h */ = {isa = PBXFileReference; lastKnownFileType = sourcecode.c.h; path = sqlite3.h; sourceTree = "<group>"; };
		EB0C65211312A20300F18BB6 /* sqlite3ext.h */ = {isa = PBXFileReference; lastKnownFileType = sourcecode.c.h; path = sqlite3ext.h; sourceTree = "<group>"; };
		EB173D8E1315627C00C173A9 /* Migrations */ = {isa = PBXFileReference; lastKnownFileType = folder; path = Migrations; sourceTree = "<group>"; };
		EB3B04501312BE64009FDDA1 /* CoreSQLite3.framework */ = {isa = PBXFileReference; explicitFileType = wrapper.framework; includeInIndex = 0; path = CoreSQLite3.framework; sourceTree = BUILT_PRODUCTS_DIR; };
		EB3B04591312BE64009FDDA1 /* CoreSQLite3-Info.plist */ = {isa = PBXFileReference; lastKnownFileType = text.plist.xml; path = "CoreSQLite3-Info.plist"; sourceTree = "<group>"; };
		EB3B045B1312BE64009FDDA1 /* en */ = {isa = PBXFileReference; lastKnownFileType = text.plist.strings; name = en; path = en.lproj/InfoPlist.strings; sourceTree = "<group>"; };
		EB3B045D1312BE64009FDDA1 /* CoreSQLite3-Prefix.pch */ = {isa = PBXFileReference; lastKnownFileType = sourcecode.c.h; path = "CoreSQLite3-Prefix.pch"; sourceTree = "<group>"; };
		EB3B04661312BEB5009FDDA1 /* CoreFoundation.framework */ = {isa = PBXFileReference; lastKnownFileType = wrapper.framework; name = CoreFoundation.framework; path = System/Library/Frameworks/CoreFoundation.framework; sourceTree = SDKROOT; };
		EB3B04801312C615009FDDA1 /* CoreSQLite3UTF8String.c */ = {isa = PBXFileReference; fileEncoding = 4; lastKnownFileType = sourcecode.c.c; path = CoreSQLite3UTF8String.c; sourceTree = "<group>"; };
		EB3B04811312C616009FDDA1 /* CoreSQLite3UTF8String.h */ = {isa = PBXFileReference; fileEncoding = 4; lastKnownFileType = sourcecode.c.h; path = CoreSQLite3UTF8String.h; sourceTree = "<group>"; };
		EB3B04871312CD3A009FDDA1 /* Cocoa.framework */ = {isa = PBXFileReference; lastKnownFileType = wrapper.framework; name = Cocoa.framework; path = System/Library/Frameworks/Cocoa.framework; sourceTree = SDKROOT; };
		EB3E466B13003EFF007AF9C4 /* CoreSQLite3.h */ = {isa = PBXFileReference; fileEncoding = 4; lastKnownFileType = sourcecode.c.h; path = CoreSQLite3.h; sourceTree = "<group>"; };
		EB3E4AA913004C80007AF9C4 /* ibiza.db */ = {isa = PBXFileReference; lastKnownFileType = file; path = ibiza.db; sourceTree = "<group>"; };
		EBA5182013003B1000F50C8E /* SQLite3Connection.h */ = {isa = PBXFileReference; fileEncoding = 4; lastKnownFileType = sourcecode.c.h; path = SQLite3Connection.h; sourceTree = "<group>"; };
		EBA5182113003B1000F50C8E /* SQLite3Connection.c */ = {isa = PBXFileReference; fileEncoding = 4; lastKnownFileType = sourcecode.c.c; path = SQLite3Connection.c; sourceTree = "<group>"; };
		EBA5182213003B1000F50C8E /* SQLite3ConnectionPool.h */ = {isa = PBXFileReference; fileEncoding = 4; lastKnownFileType = sourcecode.c.h; path = SQLite3ConnectionPool.h; sourceTree = "<group>"; };
		EBA5182313003B1000F50C8E /* SQLite3ConnectionPool.c */ = {isa = PBXFileReference; fileEncoding = 4; lastKnownFileType = sourcecode.c.c; path = SQLite3ConnectionPool.c; sourceTree = "<group>"; };
		EBA5182413003B1000F50C8E /* SQLite3Statement.h */ = {isa = PBXFileReference; fileEncoding = 4; lastKnownFileType = sourcecode.c.h; path = SQLite3Statement.h; sourceTree = "<group>"; };
		EBA5182513003B1000F50C8E /* SQLite3Statement.c */ = {isa = PBXFileReference; fileEncoding = 4; lastKnownFileType = sourcecode.c.c; path = SQLite3Statement.c; sourceTree = "<group>"; };
		EBA8173D1301B50600F59716 /* SQLite3Migration.c */ = {isa = PBXFileReference; fileEncoding = 4; lastKnownFileType = sourcecode.c.c; path = SQLite3Migration.c; sourceTree = "<group>"; };
		EBA8173E1301B50700F59716 /* SQLite3Migration.h */ = {isa = PBXFileReference; fileEncoding = 4; lastKnownFileType = sourcecode.c.h; path = SQLite3Migration.h; sourceTree = "<group>"; };
		EBA817401301B93000F59716 /* SQLite3Types.h */ = {isa = PBXFileReference; fileEncoding = 4; lastKnownFileType = sourcecode.c.h; path = SQLite3Types.h; sourceTree = "<group>"; };
		EBA817491303FAD900F59716 /* Tests.octest */ = {isa = PBXFileReference; explicitFileType = wrapper.cfbundle; includeInIndex = 0; path = Tests.octest; sourceTree = BUILT_PRODUCTS_DIR; };
		EBA817521303FAD900F59716 /* Tests-Info.plist */ = {isa = PBXFileReference; lastKnownFileType = text.plist.xml; path = "Tests-Info.plist"; sourceTree = "<group>"; };
		EBA817541303FAD900F59716 /* en */ = {isa = PBXFileReference; lastKnownFileType = text.plist.strings; name = en; path = en.lproj/InfoPlist.strings; sourceTree = "<group>"; };
		EBA817561303FAD900F59716 /* Tests-Prefix.pch */ = {isa = PBXFileReference; lastKnownFileType = sourcecode.c.h; path = "Tests-Prefix.pch"; sourceTree = "<group>"; };
		EBA817571303FAD900F59716 /* Tests.h */ = {isa = PBXFileReference; lastKnownFileType = sourcecode.c.h; path = Tests.h; sourceTree = "<group>"; };
		EBA817591303FAD900F59716 /* Tests.m */ = {isa = PBXFileReference; lastKnownFileType = sourcecode.c.objc; path = Tests.m; sourceTree = "<group>"; };
		EBA8176D130422AB00F59716 /* Readme.md */ = {isa = PBXFileReference; lastKnownFileType = text; path = Readme.md; sourceTree = "<group>"; };
		EBC09BED1312E54C00E0361A /* TestAllocator.c */ = {isa = PBXFileReference; fileEncoding = 4; lastKnownFileType = sourcecode.c.c; path = TestAllocator.c; sourceTree = "<group>"; };
		EBC09BEE1312E54C00E0361A /* TestAllocator.h */ = {isa = PBXFileReference; fileEncoding = 4; lastKnownFileType = sourcecode.c.h; path = TestAllocator.h; sourceTree = "<group>"; };
/* End PBXFileReference section */

/* Begin PBXFrameworksBuildPhase section */
		EB0C64F113129A2300F18BB6 /* Frameworks */ = {
			isa = PBXFrameworksBuildPhase;
			buildActionMask = 2147483647;
			files = (
				EB0C650913129A6600F18BB6 /* CoreFoundation.framework in Frameworks */,
			);
			runOnlyForDeploymentPostprocessing = 0;
		};
		EB3B044C1312BE64009FDDA1 /* Frameworks */ = {
			isa = PBXFrameworksBuildPhase;
			buildActionMask = 2147483647;
			files = (
				EB3B04671312BEB5009FDDA1 /* CoreFoundation.framework in Frameworks */,
			);
			runOnlyForDeploymentPostprocessing = 0;
		};
		EBA817451303FAD900F59716 /* Frameworks */ = {
			isa = PBXFrameworksBuildPhase;
			buildActionMask = 2147483647;
			files = (
				EB3B04881312CD3A009FDDA1 /* Cocoa.framework in Frameworks */,
				EB3B04891312CD43009FDDA1 /* CoreFoundation.framework in Frameworks */,
			);
			runOnlyForDeploymentPostprocessing = 0;
		};
/* End PBXFrameworksBuildPhase section */

/* Begin PBXGroup section */
		034768DFFF38A50411DB9C8B /* Products */ = {
			isa = PBXGroup;
			children = (
				EBA817491303FAD900F59716 /* Tests.octest */,
				EB0C64F413129A2300F18BB6 /* libCoreSQLite3_iOS.a */,
				EB3B04501312BE64009FDDA1 /* CoreSQLite3.framework */,
			);
			name = Products;
			sourceTree = "<group>";
		};
		0867D691FE84028FC02AAC07 /* SQLite3 */ = {
			isa = PBXGroup;
			children = (
				EB0C651D1312A20300F18BB6 /* sqlite-amalgamation-201101281703 */,
				EBA817501303FAD900F59716 /* Tests */,
				08FB77AEFE84172EC02AAC07 /* Classes */,
				32C88DFF0371C24200C91783 /* Other Sources */,
				089C1665FE841158C02AAC07 /* Resources */,
				EB0C64F613129A2300F18BB6 /* CoreSQLite3 */,
				EB3B04571312BE64009FDDA1 /* CoreSQLite3 */,
				0867D69AFE84028FC02AAC07 /* Frameworks */,
				034768DFFF38A50411DB9C8B /* Products */,
			);
			name = SQLite3;
			sourceTree = "<group>";
		};
		0867D69AFE84028FC02AAC07 /* Frameworks */ = {
			isa = PBXGroup;
			children = (
				EB3B044A1312BE0C009FDDA1 /* OSX */,
				EB0C651B1312A1A200F18BB6 /* iOS */,
			);
			name = Frameworks;
			sourceTree = "<group>";
		};
		089C1665FE841158C02AAC07 /* Resources */ = {
			isa = PBXGroup;
			children = (
				EB3E4AA913004C80007AF9C4 /* ibiza.db */,
				8DC2EF5A0486A6940098B216 /* Info.plist */,
				089C1666FE841158C02AAC07 /* InfoPlist.strings */,
			);
			name = Resources;
			sourceTree = "<group>";
		};
		08FB77AEFE84172EC02AAC07 /* Classes */ = {
			isa = PBXGroup;
			children = (
				EB3E466B13003EFF007AF9C4 /* CoreSQLite3.h */,
				EB3B04811312C616009FDDA1 /* CoreSQLite3UTF8String.h */,
				EB3B04801312C615009FDDA1 /* CoreSQLite3UTF8String.c */,
				EBA817401301B93000F59716 /* SQLite3Types.h */,
				EBA5182013003B1000F50C8E /* SQLite3Connection.h */,
				EBA5182113003B1000F50C8E /* SQLite3Connection.c */,
				EBA5182213003B1000F50C8E /* SQLite3ConnectionPool.h */,
				EBA5182313003B1000F50C8E /* SQLite3ConnectionPool.c */,
				EBA5182413003B1000F50C8E /* SQLite3Statement.h */,
				EBA5182513003B1000F50C8E /* SQLite3Statement.c */,
				EBA8173E1301B50700F59716 /* SQLite3Migration.h */,
				EBA8173D1301B50600F59716 /* SQLite3Migration.c */,
			);
			name = Classes;
			sourceTree = "<group>";
		};
		32C88DFF0371C24200C91783 /* Other Sources */ = {
			isa = PBXGroup;
			children = (
				EBA8176D130422AB00F59716 /* Readme.md */,
				32DBCF5E0370ADEE00C91783 /* SQLite3_Prefix.pch */,
			);
			name = "Other Sources";
			sourceTree = "<group>";
		};
		EB0C64F613129A2300F18BB6 /* CoreSQLite3 */ = {
			isa = PBXGroup;
			children = (
				EB0C64F713129A2300F18BB6 /* Supporting Files */,
			);
			path = CoreSQLite3;
			sourceTree = "<group>";
		};
		EB0C64F713129A2300F18BB6 /* Supporting Files */ = {
			isa = PBXGroup;
			children = (
				EB0C64F813129A2300F18BB6 /* CoreSQLite3-Prefix.pch */,
			);
			name = "Supporting Files";
			sourceTree = "<group>";
		};
		EB0C651B1312A1A200F18BB6 /* iOS */ = {
			isa = PBXGroup;
			children = (
				EB0C650813129A6600F18BB6 /* CoreFoundation.framework */,
			);
			name = iOS;
			sourceTree = "<group>";
		};
		EB0C651D1312A20300F18BB6 /* sqlite-amalgamation-201101281703 */ = {
			isa = PBXGroup;
			children = (
				EB0C651E1312A20300F18BB6 /* shell.c */,
				EB0C651F1312A20300F18BB6 /* sqlite3.c */,
				EB0C65201312A20300F18BB6 /* sqlite3.h */,
				EB0C65211312A20300F18BB6 /* sqlite3ext.h */,
			);
			path = "sqlite-amalgamation-201101281703";
			sourceTree = "<group>";
		};
		EB3B044A1312BE0C009FDDA1 /* OSX */ = {
			isa = PBXGroup;
			children = (
				EB3B04871312CD3A009FDDA1 /* Cocoa.framework */,
				EB3B04661312BEB5009FDDA1 /* CoreFoundation.framework */,
			);
			name = OSX;
			sourceTree = "<group>";
		};
		EB3B04571312BE64009FDDA1 /* CoreSQLite3 */ = {
			isa = PBXGroup;
			children = (
				EB3B04581312BE64009FDDA1 /* Supporting Files */,
			);
			path = CoreSQLite3;
			sourceTree = "<group>";
		};
		EB3B04581312BE64009FDDA1 /* Supporting Files */ = {
			isa = PBXGroup;
			children = (
				EB3B04591312BE64009FDDA1 /* CoreSQLite3-Info.plist */,
				EB3B045A1312BE64009FDDA1 /* InfoPlist.strings */,
				EB3B045D1312BE64009FDDA1 /* CoreSQLite3-Prefix.pch */,
			);
			name = "Supporting Files";
			sourceTree = "<group>";
		};
		EBA817501303FAD900F59716 /* Tests */ = {
			isa = PBXGroup;
			children = (
				EB173D8E1315627C00C173A9 /* Migrations */,
				EBA817571303FAD900F59716 /* Tests.h */,
				EBA817591303FAD900F59716 /* Tests.m */,
				EBC09BED1312E54C00E0361A /* TestAllocator.c */,
				EBC09BEE1312E54C00E0361A /* TestAllocator.h */,
				EBA817511303FAD900F59716 /* Supporting Files */,
			);
			path = Tests;
			sourceTree = "<group>";
		};
		EBA817511303FAD900F59716 /* Supporting Files */ = {
			isa = PBXGroup;
			children = (
				EBA817521303FAD900F59716 /* Tests-Info.plist */,
				EBA817531303FAD900F59716 /* InfoPlist.strings */,
				EBA817561303FAD900F59716 /* Tests-Prefix.pch */,
			);
			name = "Supporting Files";
			sourceTree = "<group>";
		};
/* End PBXGroup section */

/* Begin PBXHeadersBuildPhase section */
		EB0C64F213129A2300F18BB6 /* Headers */ = {
			isa = PBXHeadersBuildPhase;
			buildActionMask = 2147483647;
			files = (
				EBB1ADC71312A6B5006476A7 /* CoreSQLite3.h in Headers */,
				EBB1ADC81312A6BF006476A7 /* SQLite3Types.h in Headers */,
				EBB1ADC91312A6C2006476A7 /* SQLite3Connection.h in Headers */,
				EBB1ADCA1312A6C5006476A7 /* SQLite3ConnectionPool.h in Headers */,
				EBB1ADCB1312A6C8006476A7 /* SQLite3Statement.h in Headers */,
				EBB1ADCC1312A6CE006476A7 /* SQLite3Migration.h in Headers */,
				EB3B04861312C616009FDDA1 /* CoreSQLite3UTF8String.h in Headers */,
			);
			runOnlyForDeploymentPostprocessing = 0;
		};
		EB3B044D1312BE64009FDDA1 /* Headers */ = {
			isa = PBXHeadersBuildPhase;
			buildActionMask = 2147483647;
			files = (
				EB3B04851312C616009FDDA1 /* CoreSQLite3UTF8String.h in Headers */,
			);
			runOnlyForDeploymentPostprocessing = 0;
		};
/* End PBXHeadersBuildPhase section */

/* Begin PBXNativeTarget section */
		EB0C64F313129A2300F18BB6 /* CoreSQLite3_iOS */ = {
			isa = PBXNativeTarget;
			buildConfigurationList = EB0C64FB13129A2300F18BB6 /* Build configuration list for PBXNativeTarget "CoreSQLite3_iOS" */;
			buildPhases = (
				EB0C64F013129A2300F18BB6 /* Sources */,
				EB0C64F113129A2300F18BB6 /* Frameworks */,
				EB0C64F213129A2300F18BB6 /* Headers */,
			);
			buildRules = (
			);
			dependencies = (
			);
			name = CoreSQLite3_iOS;
			productName = CoreSQLite3;
			productReference = EB0C64F413129A2300F18BB6 /* libCoreSQLite3_iOS.a */;
			productType = "com.apple.product-type.library.static";
		};
		EB3B044F1312BE64009FDDA1 /* CoreSQLite3 */ = {
			isa = PBXNativeTarget;
			buildConfigurationList = EB3B045E1312BE64009FDDA1 /* Build configuration list for PBXNativeTarget "CoreSQLite3" */;
			buildPhases = (
				EB3B044B1312BE64009FDDA1 /* Sources */,
				EB3B044C1312BE64009FDDA1 /* Frameworks */,
				EB3B044D1312BE64009FDDA1 /* Headers */,
				EB3B044E1312BE64009FDDA1 /* Resources */,
			);
			buildRules = (
			);
			dependencies = (
			);
			name = CoreSQLite3;
			productName = CoreSQLite3;
			productReference = EB3B04501312BE64009FDDA1 /* CoreSQLite3.framework */;
			productType = "com.apple.product-type.framework";
		};
		EBA817481303FAD900F59716 /* Tests */ = {
			isa = PBXNativeTarget;
			buildConfigurationList = EBA8175B1303FAD900F59716 /* Build configuration list for PBXNativeTarget "Tests" */;
			buildPhases = (
				EBA817441303FAD900F59716 /* Sources */,
				EBA817451303FAD900F59716 /* Frameworks */,
				EBA817461303FAD900F59716 /* Resources */,
				EBA817471303FAD900F59716 /* ShellScript */,
			);
			buildRules = (
			);
			dependencies = (
				EB3B048B1312CD5A009FDDA1 /* PBXTargetDependency */,
			);
			name = Tests;
			productName = Tests;
			productReference = EBA817491303FAD900F59716 /* Tests.octest */;
			productType = "com.apple.product-type.bundle";
		};
/* End PBXNativeTarget section */

/* Begin PBXProject section */
		0867D690FE84028FC02AAC07 /* Project object */ = {
			isa = PBXProject;
			buildConfigurationList = 1DEB91B108733DA50010E9CD /* Build configuration list for PBXProject "SQLite3" */;
			compatibilityVersion = "Xcode 3.1";
			developmentRegion = English;
			hasScannedForEncodings = 1;
			knownRegions = (
				English,
				Japanese,
				French,
				German,
				en,
			);
			mainGroup = 0867D691FE84028FC02AAC07 /* SQLite3 */;
			productRefGroup = 034768DFFF38A50411DB9C8B /* Products */;
			projectDirPath = "";
			projectRoot = "";
			targets = (
				EB3B044F1312BE64009FDDA1 /* CoreSQLite3 */,
				EBA817481303FAD900F59716 /* Tests */,
				EB0C64F313129A2300F18BB6 /* CoreSQLite3_iOS */,
			);
		};
/* End PBXProject section */

/* Begin PBXResourcesBuildPhase section */
		EB3B044E1312BE64009FDDA1 /* Resources */ = {
			isa = PBXResourcesBuildPhase;
			buildActionMask = 2147483647;
			files = (
				EB3B045C1312BE64009FDDA1 /* InfoPlist.strings in Resources */,
			);
			runOnlyForDeploymentPostprocessing = 0;
		};
		EBA817461303FAD900F59716 /* Resources */ = {
			isa = PBXResourcesBuildPhase;
			buildActionMask = 2147483647;
			files = (
				EBA817551303FAD900F59716 /* InfoPlist.strings in Resources */,
				EBA817581303FAD900F59716 /* Tests.h in Resources */,
				EB173D8F1315627C00C173A9 /* Migrations in Resources */,
			);
			runOnlyForDeploymentPostprocessing = 0;
		};
/* End PBXResourcesBuildPhase section */

/* Begin PBXShellScriptBuildPhase section */
		EBA817471303FAD900F59716 /* ShellScript */ = {
			isa = PBXShellScriptBuildPhase;
			buildActionMask = 2147483647;
			files = (
			);
			inputPaths = (
			);
			outputPaths = (
			);
			runOnlyForDeploymentPostprocessing = 0;
			shellPath = /bin/sh;
			shellScript = "# Run the unit tests in this test bundle.\n\"${SYSTEM_DEVELOPER_DIR}/Tools/RunUnitTests\"\n";
		};
/* End PBXShellScriptBuildPhase section */

/* Begin PBXSourcesBuildPhase section */
		EB0C64F013129A2300F18BB6 /* Sources */ = {
			isa = PBXSourcesBuildPhase;
			buildActionMask = 2147483647;
			files = (
				EB0C65221312A21400F18BB6 /* sqlite3.c in Sources */,
				EBB1ADC31312A69B006476A7 /* SQLite3Connection.c in Sources */,
				EBB1ADC41312A69D006476A7 /* SQLite3ConnectionPool.c in Sources */,
				EBB1ADC51312A6A0006476A7 /* SQLite3Statement.c in Sources */,
				EBB1ADC61312A6A3006476A7 /* SQLite3Migration.c in Sources */,
				EB3B04841312C616009FDDA1 /* CoreSQLite3UTF8String.c in Sources */,
			);
			runOnlyForDeploymentPostprocessing = 0;
		};
		EB3B044B1312BE64009FDDA1 /* Sources */ = {
			isa = PBXSourcesBuildPhase;
			buildActionMask = 2147483647;
			files = (
				EB3B04611312BE88009FDDA1 /* sqlite3.c in Sources */,
				EB3B04621312BE8C009FDDA1 /* SQLite3Connection.c in Sources */,
				EB3B04631312BE8E009FDDA1 /* SQLite3ConnectionPool.c in Sources */,
				EB3B04641312BE91009FDDA1 /* SQLite3Statement.c in Sources */,
				EB3B04651312BE94009FDDA1 /* SQLite3Migration.c in Sources */,
				EB3B04821312C616009FDDA1 /* CoreSQLite3UTF8String.c in Sources */,
			);
			runOnlyForDeploymentPostprocessing = 0;
		};
		EBA817441303FAD900F59716 /* Sources */ = {
			isa = PBXSourcesBuildPhase;
			buildActionMask = 2147483647;
			files = (
				EBA817661303FD8700F59716 /* SQLite3Connection.c in Sources */,
				EBA817681303FD8700F59716 /* SQLite3ConnectionPool.c in Sources */,
				EBA8176A1303FD8700F59716 /* SQLite3Statement.c in Sources */,
				EBA8176C1303FD8700F59716 /* SQLite3Migration.c in Sources */,
				EBA8175A1303FAD900F59716 /* Tests.m in Sources */,
				EB3B04831312C616009FDDA1 /* CoreSQLite3UTF8String.c in Sources */,
				EB3B048C1312CD88009FDDA1 /* sqlite3.c in Sources */,
				EBC09BEF1312E54C00E0361A /* TestAllocator.c in Sources */,
			);
			runOnlyForDeploymentPostprocessing = 0;
		};
/* End PBXSourcesBuildPhase section */

/* Begin PBXTargetDependency section */
		EB3B048B1312CD5A009FDDA1 /* PBXTargetDependency */ = {
			isa = PBXTargetDependency;
			target = EB3B044F1312BE64009FDDA1 /* CoreSQLite3 */;
			targetProxy = EB3B048A1312CD5A009FDDA1 /* PBXContainerItemProxy */;
		};
/* End PBXTargetDependency section */

/* Begin PBXVariantGroup section */
		089C1666FE841158C02AAC07 /* InfoPlist.strings */ = {
			isa = PBXVariantGroup;
			children = (
				089C1667FE841158C02AAC07 /* English */,
			);
			name = InfoPlist.strings;
			sourceTree = "<group>";
		};
		EB3B045A1312BE64009FDDA1 /* InfoPlist.strings */ = {
			isa = PBXVariantGroup;
			children = (
				EB3B045B1312BE64009FDDA1 /* en */,
			);
			name = InfoPlist.strings;
			sourceTree = "<group>";
		};
		EBA817531303FAD900F59716 /* InfoPlist.strings */ = {
			isa = PBXVariantGroup;
			children = (
				EBA817541303FAD900F59716 /* en */,
			);
			name = InfoPlist.strings;
			sourceTree = "<group>";
		};
/* End PBXVariantGroup section */

/* Begin XCBuildConfiguration section */
		1DEB91B208733DA50010E9CD /* Debug */ = {
			isa = XCBuildConfiguration;
			buildSettings = {
				ARCHS = "$(ARCHS_STANDARD_32_64_BIT)";
				GCC_C_LANGUAGE_STANDARD = gnu99;
				GCC_OPTIMIZATION_LEVEL = 0;
				GCC_WARN_ABOUT_RETURN_TYPE = YES;
				GCC_WARN_UNUSED_VARIABLE = YES;
				HEADER_SEARCH_PATHS = /usr/include;
				ONLY_ACTIVE_ARCH = YES;
				PREBINDING = NO;
				SDKROOT = macosx10.6;
			};
			name = Debug;
		};
		1DEB91B308733DA50010E9CD /* Release */ = {
			isa = XCBuildConfiguration;
			buildSettings = {
				ARCHS = "$(ARCHS_STANDARD_32_64_BIT)";
				GCC_C_LANGUAGE_STANDARD = gnu99;
				GCC_WARN_ABOUT_RETURN_TYPE = YES;
				GCC_WARN_UNUSED_VARIABLE = YES;
				PREBINDING = NO;
				SDKROOT = macosx10.6;
			};
			name = Release;
		};
		EB0C64F913129A2300F18BB6 /* Debug */ = {
			isa = XCBuildConfiguration;
			buildSettings = {
				ALWAYS_SEARCH_USER_PATHS = NO;
				ARCHS = "$(ARCHS_STANDARD_32_BIT)";
				DSTROOT = /tmp/CoreSQLite3.dst;
				GCC_PRECOMPILE_PREFIX_HEADER = YES;
				GCC_PREFIX_HEADER = "CoreSQLite3/CoreSQLite3-Prefix.pch";
				GCC_PREPROCESSOR_DEFINITIONS = DEBUG;
				GCC_VERSION = com.apple.compilers.llvmgcc42;
				HEADER_SEARCH_PATHS = "";
				IPHONEOS_DEPLOYMENT_TARGET = 4.2;
				OTHER_LDFLAGS = "-ObjC";
				PRIVATE_HEADERS_FOLDER_PATH = "";
				PRODUCT_NAME = "$(TARGET_NAME)";
				PUBLIC_HEADERS_FOLDER_PATH = "";
				SDKROOT = iphoneos;
			};
			name = Debug;
		};
		EB0C64FA13129A2300F18BB6 /* Release */ = {
			isa = XCBuildConfiguration;
			buildSettings = {
				ALWAYS_SEARCH_USER_PATHS = NO;
				ARCHS = "$(ARCHS_STANDARD_32_BIT)";
				DSTROOT = /tmp/CoreSQLite3.dst;
				GCC_PRECOMPILE_PREFIX_HEADER = YES;
				GCC_PREFIX_HEADER = "CoreSQLite3/CoreSQLite3-Prefix.pch";
				GCC_VERSION = com.apple.compilers.llvmgcc42;
				HEADER_SEARCH_PATHS = "";
				IPHONEOS_DEPLOYMENT_TARGET = 4.2;
				OTHER_LDFLAGS = "-ObjC";
				PRIVATE_HEADERS_FOLDER_PATH = "";
				PRODUCT_NAME = "$(TARGET_NAME)";
				PUBLIC_HEADERS_FOLDER_PATH = "";
				SDKROOT = iphoneos;
			};
			name = Release;
		};
		EB3B045F1312BE64009FDDA1 /* Debug */ = {
			isa = XCBuildConfiguration;
			buildSettings = {
				ALWAYS_SEARCH_USER_PATHS = NO;
				COPY_PHASE_STRIP = NO;
				DYLIB_COMPATIBILITY_VERSION = 1;
				DYLIB_CURRENT_VERSION = 1;
				FRAMEWORK_VERSION = A;
				GCC_DYNAMIC_NO_PIC = NO;
				GCC_ENABLE_OBJC_EXCEPTIONS = YES;
				GCC_PRECOMPILE_PREFIX_HEADER = YES;
				GCC_PREFIX_HEADER = "CoreSQLite3/CoreSQLite3-Prefix.pch";
				GCC_PREPROCESSOR_DEFINITIONS = DEBUG;
				GCC_VERSION = com.apple.compilers.llvm.clang.1_0;
				GCC_WARN_64_TO_32_BIT_CONVERSION = YES;
				HEADER_SEARCH_PATHS = "";
				INFOPLIST_FILE = "CoreSQLite3/CoreSQLite3-Info.plist";
				MACOSX_DEPLOYMENT_TARGET = 10.6;
				PRODUCT_NAME = "$(TARGET_NAME)";
				SDKROOT = macosx;
				WRAPPER_EXTENSION = framework;
			};
			name = Debug;
		};
		EB3B04601312BE64009FDDA1 /* Release */ = {
			isa = XCBuildConfiguration;
			buildSettings = {
				ALWAYS_SEARCH_USER_PATHS = NO;
				COPY_PHASE_STRIP = YES;
				DEBUG_INFORMATION_FORMAT = "dwarf-with-dsym";
				DYLIB_COMPATIBILITY_VERSION = 1;
				DYLIB_CURRENT_VERSION = 1;
				FRAMEWORK_VERSION = A;
				GCC_ENABLE_OBJC_EXCEPTIONS = YES;
				GCC_PRECOMPILE_PREFIX_HEADER = YES;
				GCC_PREFIX_HEADER = "CoreSQLite3/CoreSQLite3-Prefix.pch";
				GCC_VERSION = com.apple.compilers.llvm.clang.1_0;
				GCC_WARN_64_TO_32_BIT_CONVERSION = YES;
				HEADER_SEARCH_PATHS = "";
				INFOPLIST_FILE = "CoreSQLite3/CoreSQLite3-Info.plist";
				MACOSX_DEPLOYMENT_TARGET = 10.6;
				PRODUCT_NAME = "$(TARGET_NAME)";
				SDKROOT = macosx;
				WRAPPER_EXTENSION = framework;
			};
			name = Release;
		};
		EBA8175C1303FAD900F59716 /* Debug */ = {
			isa = XCBuildConfiguration;
			buildSettings = {
				ALWAYS_SEARCH_USER_PATHS = NO;
				COPY_PHASE_STRIP = NO;
				FRAMEWORK_SEARCH_PATHS = "$(DEVELOPER_LIBRARY_DIR)/Frameworks";
				GCC_DYNAMIC_NO_PIC = NO;
				GCC_ENABLE_OBJC_EXCEPTIONS = YES;
				GCC_PRECOMPILE_PREFIX_HEADER = YES;
				GCC_PREFIX_HEADER = "Tests/Tests-Prefix.pch";
				GCC_PREPROCESSOR_DEFINITIONS = DEBUG;
				GCC_VERSION = com.apple.compilers.llvm.clang.1_0;
				GCC_WARN_64_TO_32_BIT_CONVERSION = YES;
				INFOPLIST_FILE = "Tests/Tests-Info.plist";
				INSTALL_PATH = "$(USER_LIBRARY_DIR)/Bundles";
				MACOSX_DEPLOYMENT_TARGET = 10.6;
				OTHER_LDFLAGS = (
					"-framework",
					SenTestingKit,
				);
				PRODUCT_NAME = "$(TARGET_NAME)";
				SDKROOT = macosx;
				WRAPPER_EXTENSION = octest;
			};
			name = Debug;
		};
		EBA8175D1303FAD900F59716 /* Release */ = {
			isa = XCBuildConfiguration;
			buildSettings = {
				ALWAYS_SEARCH_USER_PATHS = NO;
				COPY_PHASE_STRIP = YES;
				DEBUG_INFORMATION_FORMAT = "dwarf-with-dsym";
				FRAMEWORK_SEARCH_PATHS = "$(DEVELOPER_LIBRARY_DIR)/Frameworks";
				GCC_ENABLE_OBJC_EXCEPTIONS = YES;
				GCC_PRECOMPILE_PREFIX_HEADER = YES;
				GCC_PREFIX_HEADER = "Tests/Tests-Prefix.pch";
				GCC_VERSION = com.apple.compilers.llvm.clang.1_0;
				GCC_WARN_64_TO_32_BIT_CONVERSION = YES;
				INFOPLIST_FILE = "Tests/Tests-Info.plist";
				INSTALL_PATH = "$(USER_LIBRARY_DIR)/Bundles";
				MACOSX_DEPLOYMENT_TARGET = 10.6;
				OTHER_LDFLAGS = (
					"-framework",
					SenTestingKit,
				);
				PRODUCT_NAME = "$(TARGET_NAME)";
				SDKROOT = macosx;
				WRAPPER_EXTENSION = octest;
			};
			name = Release;
		};
/* End XCBuildConfiguration section */

/* Begin XCConfigurationList section */
		1DEB91B108733DA50010E9CD /* Build configuration list for PBXProject "SQLite3" */ = {
			isa = XCConfigurationList;
			buildConfigurations = (
				1DEB91B208733DA50010E9CD /* Debug */,
				1DEB91B308733DA50010E9CD /* Release */,
			);
			defaultConfigurationIsVisible = 0;
			defaultConfigurationName = Release;
		};
		EB0C64FB13129A2300F18BB6 /* Build configuration list for PBXNativeTarget "CoreSQLite3_iOS" */ = {
			isa = XCConfigurationList;
			buildConfigurations = (
				EB0C64F913129A2300F18BB6 /* Debug */,
				EB0C64FA13129A2300F18BB6 /* Release */,
			);
			defaultConfigurationIsVisible = 0;
			defaultConfigurationName = Release;
		};
		EB3B045E1312BE64009FDDA1 /* Build configuration list for PBXNativeTarget "CoreSQLite3" */ = {
			isa = XCConfigurationList;
			buildConfigurations = (
				EB3B045F1312BE64009FDDA1 /* Debug */,
				EB3B04601312BE64009FDDA1 /* Release */,
			);
			defaultConfigurationIsVisible = 0;
			defaultConfigurationName = Release;
		};
		EBA8175B1303FAD900F59716 /* Build configuration list for PBXNativeTarget "Tests" */ = {
			isa = XCConfigurationList;
			buildConfigurations = (
				EBA8175C1303FAD900F59716 /* Debug */,
				EBA8175D1303FAD900F59716 /* Release */,
			);
			defaultConfigurationIsVisible = 0;
			defaultConfigurationName = Release;
		};
/* End XCConfigurationList section */
	};
	rootObject = 0867D690FE84028FC02AAC07 /* Project object */;
}
