// !$*UTF8*$!
{
	archiveVersion = 1;
	classes = {
	};
	objectVersion = 45;
	objects = {

/* Begin PBXBuildFile section */
		EB3E490913004377007AF9C4 /* examples.m in Sources */ = {isa = PBXBuildFile; fileRef = EB3E490413004340007AF9C4 /* examples.m */; };
		EB3E490B13004380007AF9C4 /* SQLite3Connection.m in Sources */ = {isa = PBXBuildFile; fileRef = EBA5182113003B1000F50C8E /* SQLite3Connection.m */; };
		EB3E490C13004380007AF9C4 /* SQLite3ConnectionPool.m in Sources */ = {isa = PBXBuildFile; fileRef = EBA5182313003B1000F50C8E /* SQLite3ConnectionPool.m */; };
		EB3E490D13004380007AF9C4 /* SQLite3Statement.m in Sources */ = {isa = PBXBuildFile; fileRef = EBA5182513003B1000F50C8E /* SQLite3Statement.m */; };
		EB3E4A0113004386007AF9C4 /* libsqlite3.dylib in Frameworks */ = {isa = PBXBuildFile; fileRef = EB3E47CE13003F79007AF9C4 /* libsqlite3.dylib */; };
		EB3E4A0213004386007AF9C4 /* Foundation.framework in Frameworks */ = {isa = PBXBuildFile; fileRef = 0867D69BFE84028FC02AAC07 /* Foundation.framework */; };
		EB3E4A0313004386007AF9C4 /* QuartzCore.framework in Frameworks */ = {isa = PBXBuildFile; fileRef = EB3E488A130042A7007AF9C4 /* QuartzCore.framework */; };
		EB3E4A0413004386007AF9C4 /* Quartz.framework in Frameworks */ = {isa = PBXBuildFile; fileRef = EB3E4890130042D1007AF9C4 /* Quartz.framework */; };
		EB3E4A0513004386007AF9C4 /* ApplicationServices.framework in Frameworks */ = {isa = PBXBuildFile; fileRef = EB3E48F013004304007AF9C4 /* ApplicationServices.framework */; };
		EB3E4A1C13004611007AF9C4 /* CoreFoundation.framework in Frameworks */ = {isa = PBXBuildFile; fileRef = EB3E4A1B13004611007AF9C4 /* CoreFoundation.framework */; };
		EBA817331300639A00F59716 /* ibiza.db in CopyFiles */ = {isa = PBXBuildFile; fileRef = EB3E4AA913004C80007AF9C4 /* ibiza.db */; };
		EBA8173F1301B50800F59716 /* SQLite3Migration.m in Sources */ = {isa = PBXBuildFile; fileRef = EBA8173D1301B50600F59716 /* SQLite3Migration.m */; };
		EBA8174B1303FAD900F59716 /* Cocoa.framework in Frameworks */ = {isa = PBXBuildFile; fileRef = EBA8174A1303FAD900F59716 /* Cocoa.framework */; };
		EBA817551303FAD900F59716 /* InfoPlist.strings in Resources */ = {isa = PBXBuildFile; fileRef = EBA817531303FAD900F59716 /* InfoPlist.strings */; };
		EBA817581303FAD900F59716 /* Tests.h in Resources */ = {isa = PBXBuildFile; fileRef = EBA817571303FAD900F59716 /* Tests.h */; };
		EBA8175A1303FAD900F59716 /* Tests.m in Sources */ = {isa = PBXBuildFile; fileRef = EBA817591303FAD900F59716 /* Tests.m */; };
		EBA817611303FB3A00F59716 /* libsqlite3.dylib in Frameworks */ = {isa = PBXBuildFile; fileRef = EB3E47CE13003F79007AF9C4 /* libsqlite3.dylib */; };
		EBA817621303FB4100F59716 /* CoreFoundation.framework in Frameworks */ = {isa = PBXBuildFile; fileRef = EB3E4A1B13004611007AF9C4 /* CoreFoundation.framework */; };
		EBA817661303FD8700F59716 /* SQLite3Connection.m in Sources */ = {isa = PBXBuildFile; fileRef = EBA5182113003B1000F50C8E /* SQLite3Connection.m */; };
		EBA817681303FD8700F59716 /* SQLite3ConnectionPool.m in Sources */ = {isa = PBXBuildFile; fileRef = EBA5182313003B1000F50C8E /* SQLite3ConnectionPool.m */; };
		EBA8176A1303FD8700F59716 /* SQLite3Statement.m in Sources */ = {isa = PBXBuildFile; fileRef = EBA5182513003B1000F50C8E /* SQLite3Statement.m */; };
		EBA8176C1303FD8700F59716 /* SQLite3Migration.m in Sources */ = {isa = PBXBuildFile; fileRef = EBA8173D1301B50600F59716 /* SQLite3Migration.m */; };
/* End PBXBuildFile section */

/* Begin PBXCopyFilesBuildPhase section */
		EBA817321300638700F59716 /* CopyFiles */ = {
			isa = PBXCopyFilesBuildPhase;
			buildActionMask = 2147483647;
			dstPath = "";
			dstSubfolderSpec = 16;
			files = (
				EBA817331300639A00F59716 /* ibiza.db in CopyFiles */,
			);
			runOnlyForDeploymentPostprocessing = 0;
		};
/* End PBXCopyFilesBuildPhase section */

/* Begin PBXFileReference section */
		0867D69BFE84028FC02AAC07 /* Foundation.framework */ = {isa = PBXFileReference; lastKnownFileType = wrapper.framework; name = Foundation.framework; path = /System/Library/Frameworks/Foundation.framework; sourceTree = "<absolute>"; };
		089C1667FE841158C02AAC07 /* English */ = {isa = PBXFileReference; fileEncoding = 4; lastKnownFileType = text.plist.strings; name = English; path = English.lproj/InfoPlist.strings; sourceTree = "<group>"; };
		32DBCF5E0370ADEE00C91783 /* SQLite3_Prefix.pch */ = {isa = PBXFileReference; fileEncoding = 4; lastKnownFileType = sourcecode.c.h; path = SQLite3_Prefix.pch; sourceTree = "<group>"; };
		8DC2EF5A0486A6940098B216 /* Info.plist */ = {isa = PBXFileReference; fileEncoding = 4; lastKnownFileType = text.plist.xml; path = Info.plist; sourceTree = "<group>"; };
		EB3E466B13003EFF007AF9C4 /* CoreSQLite3.h */ = {isa = PBXFileReference; fileEncoding = 4; lastKnownFileType = sourcecode.c.h; path = CoreSQLite3.h; sourceTree = "<group>"; };
		EB3E47CE13003F79007AF9C4 /* libsqlite3.dylib */ = {isa = PBXFileReference; lastKnownFileType = "compiled.mach-o.dylib"; name = libsqlite3.dylib; path = usr/lib/libsqlite3.dylib; sourceTree = SDKROOT; };
		EB3E488A130042A7007AF9C4 /* QuartzCore.framework */ = {isa = PBXFileReference; lastKnownFileType = wrapper.framework; name = QuartzCore.framework; path = System/Library/Frameworks/QuartzCore.framework; sourceTree = SDKROOT; };
		EB3E4890130042D1007AF9C4 /* Quartz.framework */ = {isa = PBXFileReference; lastKnownFileType = wrapper.framework; name = Quartz.framework; path = System/Library/Frameworks/Quartz.framework; sourceTree = SDKROOT; };
		EB3E48F013004304007AF9C4 /* ApplicationServices.framework */ = {isa = PBXFileReference; lastKnownFileType = wrapper.framework; name = ApplicationServices.framework; path = System/Library/Frameworks/ApplicationServices.framework; sourceTree = SDKROOT; };
		EB3E48FC13004329007AF9C4 /* examples */ = {isa = PBXFileReference; explicitFileType = "compiled.mach-o.executable"; includeInIndex = 0; path = examples; sourceTree = BUILT_PRODUCTS_DIR; };
		EB3E490413004340007AF9C4 /* examples.m */ = {isa = PBXFileReference; fileEncoding = 4; lastKnownFileType = sourcecode.c.objc; path = examples.m; sourceTree = "<group>"; };
		EB3E4A1B13004611007AF9C4 /* CoreFoundation.framework */ = {isa = PBXFileReference; lastKnownFileType = wrapper.framework; name = CoreFoundation.framework; path = System/Library/Frameworks/CoreFoundation.framework; sourceTree = SDKROOT; };
		EB3E4AA913004C80007AF9C4 /* ibiza.db */ = {isa = PBXFileReference; lastKnownFileType = file; path = ibiza.db; sourceTree = "<group>"; };
		EBA5182013003B1000F50C8E /* SQLite3Connection.h */ = {isa = PBXFileReference; fileEncoding = 4; lastKnownFileType = sourcecode.c.h; path = SQLite3Connection.h; sourceTree = "<group>"; };
		EBA5182113003B1000F50C8E /* SQLite3Connection.m */ = {isa = PBXFileReference; fileEncoding = 4; lastKnownFileType = sourcecode.c.objc; path = SQLite3Connection.m; sourceTree = "<group>"; };
		EBA5182213003B1000F50C8E /* SQLite3ConnectionPool.h */ = {isa = PBXFileReference; fileEncoding = 4; lastKnownFileType = sourcecode.c.h; path = SQLite3ConnectionPool.h; sourceTree = "<group>"; };
		EBA5182313003B1000F50C8E /* SQLite3ConnectionPool.m */ = {isa = PBXFileReference; fileEncoding = 4; lastKnownFileType = sourcecode.c.objc; path = SQLite3ConnectionPool.m; sourceTree = "<group>"; };
		EBA5182413003B1000F50C8E /* SQLite3Statement.h */ = {isa = PBXFileReference; fileEncoding = 4; lastKnownFileType = sourcecode.c.h; path = SQLite3Statement.h; sourceTree = "<group>"; };
		EBA5182513003B1000F50C8E /* SQLite3Statement.m */ = {isa = PBXFileReference; fileEncoding = 4; lastKnownFileType = sourcecode.c.objc; path = SQLite3Statement.m; sourceTree = "<group>"; };
		EBA8173D1301B50600F59716 /* SQLite3Migration.m */ = {isa = PBXFileReference; fileEncoding = 4; lastKnownFileType = sourcecode.c.objc; path = SQLite3Migration.m; sourceTree = "<group>"; };
		EBA8173E1301B50700F59716 /* SQLite3Migration.h */ = {isa = PBXFileReference; fileEncoding = 4; lastKnownFileType = sourcecode.c.h; path = SQLite3Migration.h; sourceTree = "<group>"; };
		EBA817401301B93000F59716 /* SQLite3Types.h */ = {isa = PBXFileReference; fileEncoding = 4; lastKnownFileType = sourcecode.c.h; path = SQLite3Types.h; sourceTree = "<group>"; };
		EBA817411301B96F00F59716 /* examples-tiles.h */ = {isa = PBXFileReference; fileEncoding = 4; lastKnownFileType = sourcecode.c.h; path = "examples-tiles.h"; sourceTree = "<group>"; };
		EBA817491303FAD900F59716 /* Tests.octest */ = {isa = PBXFileReference; explicitFileType = wrapper.cfbundle; includeInIndex = 0; path = Tests.octest; sourceTree = BUILT_PRODUCTS_DIR; };
		EBA8174A1303FAD900F59716 /* Cocoa.framework */ = {isa = PBXFileReference; lastKnownFileType = wrapper.framework; name = Cocoa.framework; path = System/Library/Frameworks/Cocoa.framework; sourceTree = SDKROOT; };
		EBA8174D1303FAD900F59716 /* AppKit.framework */ = {isa = PBXFileReference; lastKnownFileType = wrapper.framework; name = AppKit.framework; path = System/Library/Frameworks/AppKit.framework; sourceTree = SDKROOT; };
		EBA8174E1303FAD900F59716 /* CoreData.framework */ = {isa = PBXFileReference; lastKnownFileType = wrapper.framework; name = CoreData.framework; path = System/Library/Frameworks/CoreData.framework; sourceTree = SDKROOT; };
		EBA8174F1303FAD900F59716 /* Foundation.framework */ = {isa = PBXFileReference; lastKnownFileType = wrapper.framework; name = Foundation.framework; path = System/Library/Frameworks/Foundation.framework; sourceTree = SDKROOT; };
		EBA817521303FAD900F59716 /* Tests-Info.plist */ = {isa = PBXFileReference; lastKnownFileType = text.plist.xml; path = "Tests-Info.plist"; sourceTree = "<group>"; };
		EBA817541303FAD900F59716 /* en */ = {isa = PBXFileReference; lastKnownFileType = text.plist.strings; name = en; path = en.lproj/InfoPlist.strings; sourceTree = "<group>"; };
		EBA817561303FAD900F59716 /* Tests-Prefix.pch */ = {isa = PBXFileReference; lastKnownFileType = sourcecode.c.h; path = "Tests-Prefix.pch"; sourceTree = "<group>"; };
		EBA817571303FAD900F59716 /* Tests.h */ = {isa = PBXFileReference; lastKnownFileType = sourcecode.c.h; path = Tests.h; sourceTree = "<group>"; };
		EBA817591303FAD900F59716 /* Tests.m */ = {isa = PBXFileReference; lastKnownFileType = sourcecode.c.objc; path = Tests.m; sourceTree = "<group>"; };
/* End PBXFileReference section */

/* Begin PBXFrameworksBuildPhase section */
		EB3E48FA13004329007AF9C4 /* Frameworks */ = {
			isa = PBXFrameworksBuildPhase;
			buildActionMask = 2147483647;
			files = (
				EB3E4A1C13004611007AF9C4 /* CoreFoundation.framework in Frameworks */,
				EB3E4A0113004386007AF9C4 /* libsqlite3.dylib in Frameworks */,
				EB3E4A0213004386007AF9C4 /* Foundation.framework in Frameworks */,
				EB3E4A0313004386007AF9C4 /* QuartzCore.framework in Frameworks */,
				EB3E4A0413004386007AF9C4 /* Quartz.framework in Frameworks */,
				EB3E4A0513004386007AF9C4 /* ApplicationServices.framework in Frameworks */,
			);
			runOnlyForDeploymentPostprocessing = 0;
		};
		EBA817451303FAD900F59716 /* Frameworks */ = {
			isa = PBXFrameworksBuildPhase;
			buildActionMask = 2147483647;
			files = (
				EBA8174B1303FAD900F59716 /* Cocoa.framework in Frameworks */,
				EBA817621303FB4100F59716 /* CoreFoundation.framework in Frameworks */,
				EBA817611303FB3A00F59716 /* libsqlite3.dylib in Frameworks */,
			);
			runOnlyForDeploymentPostprocessing = 0;
		};
/* End PBXFrameworksBuildPhase section */

/* Begin PBXGroup section */
		034768DFFF38A50411DB9C8B /* Products */ = {
			isa = PBXGroup;
			children = (
				EB3E48FC13004329007AF9C4 /* examples */,
				EBA817491303FAD900F59716 /* Tests.octest */,
			);
			name = Products;
			sourceTree = "<group>";
		};
		0867D691FE84028FC02AAC07 /* SQLite3 */ = {
			isa = PBXGroup;
			children = (
				EB3E490113004330007AF9C4 /* examples */,
				08FB77AEFE84172EC02AAC07 /* Classes */,
				32C88DFF0371C24200C91783 /* Other Sources */,
				089C1665FE841158C02AAC07 /* Resources */,
				EBA817501303FAD900F59716 /* Tests */,
				0867D69AFE84028FC02AAC07 /* Frameworks */,
				034768DFFF38A50411DB9C8B /* Products */,
			);
			name = SQLite3;
			sourceTree = "<group>";
		};
		0867D69AFE84028FC02AAC07 /* Frameworks */ = {
			isa = PBXGroup;
			children = (
				EB3E47CE13003F79007AF9C4 /* libsqlite3.dylib */,
				0867D69BFE84028FC02AAC07 /* Foundation.framework */,
				EB3E488A130042A7007AF9C4 /* QuartzCore.framework */,
				EB3E4890130042D1007AF9C4 /* Quartz.framework */,
				EB3E48F013004304007AF9C4 /* ApplicationServices.framework */,
				EB3E4A1B13004611007AF9C4 /* CoreFoundation.framework */,
				EBA8174A1303FAD900F59716 /* Cocoa.framework */,
				EBA8174C1303FAD900F59716 /* Other Frameworks */,
			);
			name = Frameworks;
			sourceTree = "<group>";
		};
		089C1665FE841158C02AAC07 /* Resources */ = {
			isa = PBXGroup;
			children = (
				EB3E4AA913004C80007AF9C4 /* ibiza.db */,
				8DC2EF5A0486A6940098B216 /* Info.plist */,
				089C1666FE841158C02AAC07 /* InfoPlist.strings */,
			);
			name = Resources;
			sourceTree = "<group>";
		};
		08FB77AEFE84172EC02AAC07 /* Classes */ = {
			isa = PBXGroup;
			children = (
				EB3E466B13003EFF007AF9C4 /* CoreSQLite3.h */,
				EBA817401301B93000F59716 /* SQLite3Types.h */,
				EBA5182013003B1000F50C8E /* SQLite3Connection.h */,
				EBA5182113003B1000F50C8E /* SQLite3Connection.m */,
				EBA5182213003B1000F50C8E /* SQLite3ConnectionPool.h */,
				EBA5182313003B1000F50C8E /* SQLite3ConnectionPool.m */,
				EBA5182413003B1000F50C8E /* SQLite3Statement.h */,
				EBA5182513003B1000F50C8E /* SQLite3Statement.m */,
				EBA8173E1301B50700F59716 /* SQLite3Migration.h */,
				EBA8173D1301B50600F59716 /* SQLite3Migration.m */,
			);
			name = Classes;
			sourceTree = "<group>";
		};
		32C88DFF0371C24200C91783 /* Other Sources */ = {
			isa = PBXGroup;
			children = (
				32DBCF5E0370ADEE00C91783 /* SQLite3_Prefix.pch */,
			);
			name = "Other Sources";
			sourceTree = "<group>";
		};
		EB3E490113004330007AF9C4 /* examples */ = {
			isa = PBXGroup;
			children = (
				EB3E490413004340007AF9C4 /* examples.m */,
				EBA817411301B96F00F59716 /* examples-tiles.h */,
			);
			name = examples;
			sourceTree = "<group>";
		};
		EBA8174C1303FAD900F59716 /* Other Frameworks */ = {
			isa = PBXGroup;
			children = (
				EBA8174D1303FAD900F59716 /* AppKit.framework */,
				EBA8174E1303FAD900F59716 /* CoreData.framework */,
				EBA8174F1303FAD900F59716 /* Foundation.framework */,
			);
			name = "Other Frameworks";
			sourceTree = "<group>";
		};
		EBA817501303FAD900F59716 /* Tests */ = {
			isa = PBXGroup;
			children = (
				EBA817571303FAD900F59716 /* Tests.h */,
				EBA817591303FAD900F59716 /* Tests.m */,
				EBA817511303FAD900F59716 /* Supporting Files */,
			);
			path = Tests;
			sourceTree = "<group>";
		};
		EBA817511303FAD900F59716 /* Supporting Files */ = {
			isa = PBXGroup;
			children = (
				EBA817521303FAD900F59716 /* Tests-Info.plist */,
				EBA817531303FAD900F59716 /* InfoPlist.strings */,
				EBA817561303FAD900F59716 /* Tests-Prefix.pch */,
			);
			name = "Supporting Files";
			sourceTree = "<group>";
		};
/* End PBXGroup section */

/* Begin PBXNativeTarget section */
		EB3E48FB13004329007AF9C4 /* examples */ = {
			isa = PBXNativeTarget;
			buildConfigurationList = EB3E490213004330007AF9C4 /* Build configuration list for PBXNativeTarget "examples" */;
			buildPhases = (
				EB3E48F913004329007AF9C4 /* Sources */,
				EB3E48FA13004329007AF9C4 /* Frameworks */,
				EBA817321300638700F59716 /* CopyFiles */,
			);
			buildRules = (
			);
			dependencies = (
			);
			name = examples;
			productName = tool;
			productReference = EB3E48FC13004329007AF9C4 /* examples */;
			productType = "com.apple.product-type.tool";
		};
		EBA817481303FAD900F59716 /* Tests */ = {
			isa = PBXNativeTarget;
			buildConfigurationList = EBA8175B1303FAD900F59716 /* Build configuration list for PBXNativeTarget "Tests" */;
			buildPhases = (
				EBA817441303FAD900F59716 /* Sources */,
				EBA817451303FAD900F59716 /* Frameworks */,
				EBA817461303FAD900F59716 /* Resources */,
				EBA817471303FAD900F59716 /* ShellScript */,
			);
			buildRules = (
			);
			dependencies = (
			);
			name = Tests;
			productName = Tests;
			productReference = EBA817491303FAD900F59716 /* Tests.octest */;
			productType = "com.apple.product-type.bundle";
		};
/* End PBXNativeTarget section */

/* Begin PBXProject section */
		0867D690FE84028FC02AAC07 /* Project object */ = {
			isa = PBXProject;
			buildConfigurationList = 1DEB91B108733DA50010E9CD /* Build configuration list for PBXProject "SQLite3" */;
			compatibilityVersion = "Xcode 3.1";
			developmentRegion = English;
			hasScannedForEncodings = 1;
			knownRegions = (
				English,
				Japanese,
				French,
				German,
				en,
			);
			mainGroup = 0867D691FE84028FC02AAC07 /* SQLite3 */;
			productRefGroup = 034768DFFF38A50411DB9C8B /* Products */;
			projectDirPath = "";
			projectRoot = "";
			targets = (
				EB3E48FB13004329007AF9C4 /* examples */,
				EBA817481303FAD900F59716 /* Tests */,
			);
		};
/* End PBXProject section */

/* Begin PBXResourcesBuildPhase section */
		EBA817461303FAD900F59716 /* Resources */ = {
			isa = PBXResourcesBuildPhase;
			buildActionMask = 2147483647;
			files = (
				EBA817551303FAD900F59716 /* InfoPlist.strings in Resources */,
				EBA817581303FAD900F59716 /* Tests.h in Resources */,
			);
			runOnlyForDeploymentPostprocessing = 0;
		};
/* End PBXResourcesBuildPhase section */

/* Begin PBXShellScriptBuildPhase section */
		EBA817471303FAD900F59716 /* ShellScript */ = {
			isa = PBXShellScriptBuildPhase;
			buildActionMask = 2147483647;
			files = (
			);
			inputPaths = (
			);
			outputPaths = (
			);
			runOnlyForDeploymentPostprocessing = 0;
			shellPath = /bin/sh;
			shellScript = "# Run the unit tests in this test bundle.\n\"${SYSTEM_DEVELOPER_DIR}/Tools/RunUnitTests\"\n";
		};
/* End PBXShellScriptBuildPhase section */

/* Begin PBXSourcesBuildPhase section */
		EB3E48F913004329007AF9C4 /* Sources */ = {
			isa = PBXSourcesBuildPhase;
			buildActionMask = 2147483647;
			files = (
				EB3E490913004377007AF9C4 /* examples.m in Sources */,
				EB3E490B13004380007AF9C4 /* SQLite3Connection.m in Sources */,
				EB3E490C13004380007AF9C4 /* SQLite3ConnectionPool.m in Sources */,
				EB3E490D13004380007AF9C4 /* SQLite3Statement.m in Sources */,
				EBA8173F1301B50800F59716 /* SQLite3Migration.m in Sources */,
			);
			runOnlyForDeploymentPostprocessing = 0;
		};
		EBA817441303FAD900F59716 /* Sources */ = {
			isa = PBXSourcesBuildPhase;
			buildActionMask = 2147483647;
			files = (
				EBA817661303FD8700F59716 /* SQLite3Connection.m in Sources */,
				EBA817681303FD8700F59716 /* SQLite3ConnectionPool.m in Sources */,
				EBA8176A1303FD8700F59716 /* SQLite3Statement.m in Sources */,
				EBA8176C1303FD8700F59716 /* SQLite3Migration.m in Sources */,
				EBA8175A1303FAD900F59716 /* Tests.m in Sources */,
			);
			runOnlyForDeploymentPostprocessing = 0;
		};
/* End PBXSourcesBuildPhase section */

/* Begin PBXVariantGroup section */
		089C1666FE841158C02AAC07 /* InfoPlist.strings */ = {
			isa = PBXVariantGroup;
			children = (
				089C1667FE841158C02AAC07 /* English */,
			);
			name = InfoPlist.strings;
			sourceTree = "<group>";
		};
		EBA817531303FAD900F59716 /* InfoPlist.strings */ = {
			isa = PBXVariantGroup;
			children = (
				EBA817541303FAD900F59716 /* en */,
			);
			name = InfoPlist.strings;
			sourceTree = "<group>";
		};
/* End PBXVariantGroup section */

/* Begin XCBuildConfiguration section */
		1DEB91B208733DA50010E9CD /* Debug */ = {
			isa = XCBuildConfiguration;
			buildSettings = {
				ARCHS = "$(ARCHS_STANDARD_32_64_BIT)";
				GCC_C_LANGUAGE_STANDARD = gnu99;
				GCC_OPTIMIZATION_LEVEL = 0;
				GCC_WARN_ABOUT_RETURN_TYPE = YES;
				GCC_WARN_UNUSED_VARIABLE = YES;
				HEADER_SEARCH_PATHS = /usr/include;
				ONLY_ACTIVE_ARCH = YES;
				PREBINDING = NO;
				SDKROOT = macosx10.6;
			};
			name = Debug;
		};
		1DEB91B308733DA50010E9CD /* Release */ = {
			isa = XCBuildConfiguration;
			buildSettings = {
				ARCHS = "$(ARCHS_STANDARD_32_64_BIT)";
				GCC_C_LANGUAGE_STANDARD = gnu99;
				GCC_WARN_ABOUT_RETURN_TYPE = YES;
				GCC_WARN_UNUSED_VARIABLE = YES;
				PREBINDING = NO;
				SDKROOT = macosx10.6;
			};
			name = Release;
		};
		EB3E48FE13004329007AF9C4 /* Debug */ = {
			isa = XCBuildConfiguration;
			buildSettings = {
				ALWAYS_SEARCH_USER_PATHS = NO;
				COPY_PHASE_STRIP = NO;
				GCC_DYNAMIC_NO_PIC = NO;
				GCC_ENABLE_FIX_AND_CONTINUE = YES;
				GCC_MODEL_TUNING = G5;
				GCC_OPTIMIZATION_LEVEL = 0;
				GCC_PRECOMPILE_PREFIX_HEADER = YES;
				GCC_PREFIX_HEADER = "$(SYSTEM_LIBRARY_DIR)/Frameworks/AppKit.framework/Headers/AppKit.h";
				INSTALL_PATH = /usr/local/bin;
				OTHER_LDFLAGS = (
					"-framework",
					Foundation,
					"-framework",
					AppKit,
				);
				PREBINDING = NO;
				PRODUCT_NAME = examples;
			};
			name = Debug;
		};
		EB3E48FF13004329007AF9C4 /* Release */ = {
			isa = XCBuildConfiguration;
			buildSettings = {
				ALWAYS_SEARCH_USER_PATHS = NO;
				COPY_PHASE_STRIP = YES;
				DEBUG_INFORMATION_FORMAT = "dwarf-with-dsym";
				GCC_ENABLE_FIX_AND_CONTINUE = NO;
				GCC_MODEL_TUNING = G5;
				GCC_PRECOMPILE_PREFIX_HEADER = YES;
				GCC_PREFIX_HEADER = "$(SYSTEM_LIBRARY_DIR)/Frameworks/AppKit.framework/Headers/AppKit.h";
				INSTALL_PATH = /usr/local/bin;
				OTHER_LDFLAGS = (
					"-framework",
					Foundation,
					"-framework",
					AppKit,
				);
				PREBINDING = NO;
				PRODUCT_NAME = examples;
				ZERO_LINK = NO;
			};
			name = Release;
		};
		EBA8175C1303FAD900F59716 /* Debug */ = {
			isa = XCBuildConfiguration;
			buildSettings = {
				ALWAYS_SEARCH_USER_PATHS = NO;
				COPY_PHASE_STRIP = NO;
				FRAMEWORK_SEARCH_PATHS = "$(DEVELOPER_LIBRARY_DIR)/Frameworks";
				GCC_DYNAMIC_NO_PIC = NO;
				GCC_ENABLE_OBJC_EXCEPTIONS = YES;
				GCC_PRECOMPILE_PREFIX_HEADER = YES;
				GCC_PREFIX_HEADER = "Tests/Tests-Prefix.pch";
				GCC_PREPROCESSOR_DEFINITIONS = DEBUG;
				GCC_VERSION = com.apple.compilers.llvm.clang.1_0;
				GCC_WARN_64_TO_32_BIT_CONVERSION = YES;
				INFOPLIST_FILE = "Tests/Tests-Info.plist";
				INSTALL_PATH = "$(USER_LIBRARY_DIR)/Bundles";
				MACOSX_DEPLOYMENT_TARGET = 10.6;
				OTHER_LDFLAGS = (
					"-framework",
					SenTestingKit,
				);
				PRODUCT_NAME = "$(TARGET_NAME)";
				SDKROOT = macosx;
				WRAPPER_EXTENSION = octest;
			};
			name = Debug;
		};
		EBA8175D1303FAD900F59716 /* Release */ = {
			isa = XCBuildConfiguration;
			buildSettings = {
				ALWAYS_SEARCH_USER_PATHS = NO;
				COPY_PHASE_STRIP = YES;
				DEBUG_INFORMATION_FORMAT = "dwarf-with-dsym";
				FRAMEWORK_SEARCH_PATHS = "$(DEVELOPER_LIBRARY_DIR)/Frameworks";
				GCC_ENABLE_OBJC_EXCEPTIONS = YES;
				GCC_PRECOMPILE_PREFIX_HEADER = YES;
				GCC_PREFIX_HEADER = "Tests/Tests-Prefix.pch";
				GCC_VERSION = com.apple.compilers.llvm.clang.1_0;
				GCC_WARN_64_TO_32_BIT_CONVERSION = YES;
				INFOPLIST_FILE = "Tests/Tests-Info.plist";
				INSTALL_PATH = "$(USER_LIBRARY_DIR)/Bundles";
				MACOSX_DEPLOYMENT_TARGET = 10.6;
				OTHER_LDFLAGS = (
					"-framework",
					SenTestingKit,
				);
				PRODUCT_NAME = "$(TARGET_NAME)";
				SDKROOT = macosx;
				WRAPPER_EXTENSION = octest;
			};
			name = Release;
		};
/* End XCBuildConfiguration section */

/* Begin XCConfigurationList section */
		1DEB91B108733DA50010E9CD /* Build configuration list for PBXProject "SQLite3" */ = {
			isa = XCConfigurationList;
			buildConfigurations = (
				1DEB91B208733DA50010E9CD /* Debug */,
				1DEB91B308733DA50010E9CD /* Release */,
			);
			defaultConfigurationIsVisible = 0;
			defaultConfigurationName = Release;
		};
		EB3E490213004330007AF9C4 /* Build configuration list for PBXNativeTarget "examples" */ = {
			isa = XCConfigurationList;
			buildConfigurations = (
				EB3E48FE13004329007AF9C4 /* Debug */,
				EB3E48FF13004329007AF9C4 /* Release */,
			);
			defaultConfigurationIsVisible = 0;
			defaultConfigurationName = Release;
		};
		EBA8175B1303FAD900F59716 /* Build configuration list for PBXNativeTarget "Tests" */ = {
			isa = XCConfigurationList;
			buildConfigurations = (
				EBA8175C1303FAD900F59716 /* Debug */,
				EBA8175D1303FAD900F59716 /* Release */,
			);
			defaultConfigurationIsVisible = 0;
		};
/* End XCConfigurationList section */
	};
	rootObject = 0867D690FE84028FC02AAC07 /* Project object */;
}
